
Microsoft Visual Studio Solution File, Format Version 12.00
# Visual Studio Version 17
VisualStudioVersion = 17.9.34616.47
MinimumVisualStudioVersion = 10.0.40219.1
Project("{FAE04EC0-301F-11D3-BF4B-00C04F79EFBC}") = "MusicAppWPF", "MusicAppWPF\MusicAppWPF.csproj", "{4954D010-FBA8-42F0-95C2-9533C1DBF27F}"
EndProject
Global
	GlobalSection(SolutionConfigurationPlatforms) = preSolution
		Debug|Any CPU = Debug|Any CPU
		Release|Any CPU = Release|Any CPU
	EndGlobalSection
	GlobalSection(ProjectConfigurationPlatforms) = postSolution
		{4954D010-FBA8-42F0-95C2-9533C1DBF27F}.Debug|Any CPU.ActiveCfg = Debug|Any CPU
		{4954D010-FBA8-42F0-95C2-9533C1DBF27F}.Debug|Any CPU.Build.0 = Debug|Any CPU
		{4954D010-FBA8-42F0-95C2-9533C1DBF27F}.Release|Any CPU.ActiveCfg = Release|Any CPU
		{4954D010-FBA8-42F0-95C2-9533C1DBF27F}.Release|Any CPU.Build.0 = Release|Any CPU
	EndGlobalSection
	GlobalSection(SolutionProperties) = preSolution
		HideSolutionNode = FALSE
	EndGlobalSection
	GlobalSection(ExtensibilityGlobals) = postSolution
		SolutionGuid = {E9F2D853-5C2B-4181-8B98-C6C224FB9388}
	EndGlobalSection
EndGlobal
